
Microsoft Visual Studio Solution File, Format Version 12.00
Project("{FAE04EC0-301F-11D3-BF4B-00C04F79EFBC}") = "Snowdrop.Data", "Snowdrop.Data\Snowdrop.Data.csproj", "{32335D12-DBEC-422B-BC39-AED8B57098E7}"
EndProject
Project("{FAE04EC0-301F-11D3-BF4B-00C04F79EFBC}") = "Snowdrop.DAL", "Snowdrop.DAL\Snowdrop.DAL.csproj", "{CF061043-DA47-4CAF-BA07-56FDA63EA9E5}"
EndProject
Project("{FAE04EC0-301F-11D3-BF4B-00C04F79EFBC}") = "Snowdrop.Db", "Snowdrop.Db\Snowdrop.Db.csproj", "{C15520BF-6F8F-4CFD-BEE0-E5389CECBEC5}"
EndProject
Project("{FAE04EC0-301F-11D3-BF4B-00C04F79EFBC}") = "Snowdrop.Infrastructure", "Snowdrop.Infrastructure\Snowdrop.Infrastructure.csproj", "{2EFAE9DD-3341-4DCD-A914-2C4CFA2E1830}"
EndProject
Global
	GlobalSection(SolutionConfigurationPlatforms) = preSolution
		Debug|Any CPU = Debug|Any CPU
		Release|Any CPU = Release|Any CPU
	EndGlobalSection
	GlobalSection(ProjectConfigurationPlatforms) = postSolution
		{32335D12-DBEC-422B-BC39-AED8B57098E7}.Debug|Any CPU.ActiveCfg = Debug|Any CPU
		{32335D12-DBEC-422B-BC39-AED8B57098E7}.Debug|Any CPU.Build.0 = Debug|Any CPU
		{32335D12-DBEC-422B-BC39-AED8B57098E7}.Release|Any CPU.ActiveCfg = Release|Any CPU
		{32335D12-DBEC-422B-BC39-AED8B57098E7}.Release|Any CPU.Build.0 = Release|Any CPU
		{CF061043-DA47-4CAF-BA07-56FDA63EA9E5}.Debug|Any CPU.ActiveCfg = Debug|Any CPU
		{CF061043-DA47-4CAF-BA07-56FDA63EA9E5}.Debug|Any CPU.Build.0 = Debug|Any CPU
		{CF061043-DA47-4CAF-BA07-56FDA63EA9E5}.Release|Any CPU.ActiveCfg = Release|Any CPU
		{CF061043-DA47-4CAF-BA07-56FDA63EA9E5}.Release|Any CPU.Build.0 = Release|Any CPU
		{C15520BF-6F8F-4CFD-BEE0-E5389CECBEC5}.Debug|Any CPU.ActiveCfg = Debug|Any CPU
		{C15520BF-6F8F-4CFD-BEE0-E5389CECBEC5}.Debug|Any CPU.Build.0 = Debug|Any CPU
		{C15520BF-6F8F-4CFD-BEE0-E5389CECBEC5}.Release|Any CPU.ActiveCfg = Release|Any CPU
		{C15520BF-6F8F-4CFD-BEE0-E5389CECBEC5}.Release|Any CPU.Build.0 = Release|Any CPU
		{2EFAE9DD-3341-4DCD-A914-2C4CFA2E1830}.Debug|Any CPU.ActiveCfg = Debug|Any CPU
		{2EFAE9DD-3341-4DCD-A914-2C4CFA2E1830}.Debug|Any CPU.Build.0 = Debug|Any CPU
		{2EFAE9DD-3341-4DCD-A914-2C4CFA2E1830}.Release|Any CPU.ActiveCfg = Release|Any CPU
		{2EFAE9DD-3341-4DCD-A914-2C4CFA2E1830}.Release|Any CPU.Build.0 = Release|Any CPU
	EndGlobalSection
EndGlobal
